PODS:
  - MobileCenter (0.9.0):
    - MobileCenter/MobileCenterAnalytics (= 0.9.0)
    - MobileCenter/MobileCenterCrashes (= 0.9.0)
  - MobileCenter/MobileCenter (0.9.0)
  - MobileCenter/MobileCenterAnalytics (0.9.0):
    - MobileCenter/MobileCenter
  - MobileCenter/MobileCenterCrashes (0.9.0):
    - MobileCenter/MobileCenter
  - VSMobileCenterExtensions (0.1.3)

DEPENDENCIES:
  - MobileCenter
  - VSMobileCenterExtensions

SPEC CHECKSUMS:
  MobileCenter: dd301af71dbe0c4e3fe1d7e3368d0c38d7ea9e4e
  VSMobileCenterExtensions: e6e0cd4cc96020c9af943b5b5f4a5e8bfba86770

PODFILE CHECKSUM: efd8f0826ad92baf3b11cb4232aa5fe02eaf7510

COCOAPODS: 1.2.1
