PODS:
  - AppCenter (2.5.1):
    - AppCenter/Analytics (= 2.5.1)
    - AppCenter/Crashes (= 2.5.1)
  - AppCenter/Analytics (2.5.1):
    - AppCenter/Core
  - AppCenter/Core (2.5.1)
  - AppCenter/Crashes (2.5.1):
    - AppCenter/Core
  - AppCenter/Distribute (2.5.1):
    - AppCenter/Core
  - AppCenter/Push (2.5.1):
    - AppCenter/Core
  - VSMobileCenterExtensions (0.9.1)

DEPENDENCIES:
  - AppCenter
  - AppCenter/Distribute
  - AppCenter/Push
  - VSMobileCenterExtensions

SPEC REPOS:
  trunk:
    - AppCenter
    - VSMobileCenterExtensions

SPEC CHECKSUMS:
  AppCenter: fddcbac6e4baae3d93a196ceb0bfe0e4ce407dec
  VSMobileCenterExtensions: 5f8b4b284f6817c1d58e860bf7ad0945f1244733

PODFILE CHECKSUM: 88dda23b55749ff77cb7e2a56e89be563b7f6a81

COCOAPODS: 1.8.3
